
Microsoft Visual Studio Solution File, Format Version 12.00
# Visual Studio Version 16
VisualStudioVersion = 16.0.31019.35
MinimumVisualStudioVersion = 10.0.40219.1
Project("{9A19103F-16F7-4668-BE54-9A1E7A4F7556}") = "Visits.Web", "Visits.Web\Visits.Web.csproj", "{8F065EAC-994F-40D7-998C-79D5C34EAD2C}"
EndProject
Project("{FAE04EC0-301F-11D3-BF4B-00C04F79EFBC}") = "Visits.Domain", "Visits.Domain\Visits.Domain.csproj", "{B857E1BB-7E7D-4603-ADFD-D8B149A58010}"
EndProject
Project("{FAE04EC0-301F-11D3-BF4B-00C04F79EFBC}") = "Visits.Infrastructure", "Visits.Infrastructure\Visits.Infrastructure.csproj", "{2AC7C1D0-1D24-4F3E-BC69-7FC597922A46}"
EndProject
Global
	GlobalSection(SolutionConfigurationPlatforms) = preSolution
		Debug|Any CPU = Debug|Any CPU
		Release|Any CPU = Release|Any CPU
	EndGlobalSection
	GlobalSection(ProjectConfigurationPlatforms) = postSolution
		{8F065EAC-994F-40D7-998C-79D5C34EAD2C}.Debug|Any CPU.ActiveCfg = Debug|Any CPU
		{8F065EAC-994F-40D7-998C-79D5C34EAD2C}.Debug|Any CPU.Build.0 = Debug|Any CPU
		{8F065EAC-994F-40D7-998C-79D5C34EAD2C}.Release|Any CPU.ActiveCfg = Release|Any CPU
		{8F065EAC-994F-40D7-998C-79D5C34EAD2C}.Release|Any CPU.Build.0 = Release|Any CPU
		{B857E1BB-7E7D-4603-ADFD-D8B149A58010}.Debug|Any CPU.ActiveCfg = Debug|Any CPU
		{B857E1BB-7E7D-4603-ADFD-D8B149A58010}.Debug|Any CPU.Build.0 = Debug|Any CPU
		{B857E1BB-7E7D-4603-ADFD-D8B149A58010}.Release|Any CPU.ActiveCfg = Release|Any CPU
		{B857E1BB-7E7D-4603-ADFD-D8B149A58010}.Release|Any CPU.Build.0 = Release|Any CPU
		{2AC7C1D0-1D24-4F3E-BC69-7FC597922A46}.Debug|Any CPU.ActiveCfg = Debug|Any CPU
		{2AC7C1D0-1D24-4F3E-BC69-7FC597922A46}.Debug|Any CPU.Build.0 = Debug|Any CPU
		{2AC7C1D0-1D24-4F3E-BC69-7FC597922A46}.Release|Any CPU.ActiveCfg = Release|Any CPU
		{2AC7C1D0-1D24-4F3E-BC69-7FC597922A46}.Release|Any CPU.Build.0 = Release|Any CPU
	EndGlobalSection
	GlobalSection(SolutionProperties) = preSolution
		HideSolutionNode = FALSE
	EndGlobalSection
	GlobalSection(ExtensibilityGlobals) = postSolution
		SolutionGuid = {31686997-5C9A-4A02-B2BC-32603031C571}
	EndGlobalSection
EndGlobal
